
Microsoft Visual Studio Solution File, Format Version 12.00
# Visual Studio Version 16
VisualStudioVersion = 16.0.29519.87
MinimumVisualStudioVersion = 10.0.40219.1
Project("{FAE04EC0-301F-11D3-BF4B-00C04F79EFBC}") = "Concesionario.UWP", "Concesionario\Concesionario.UWP\Concesionario.UWP.csproj", "{B0B98E35-5A16-4BF9-A299-A84FB19C7C0A}"
EndProject
Project("{FAE04EC0-301F-11D3-BF4B-00C04F79EFBC}") = "Concesionario.Android", "Concesionario\Concesionario.Android\Concesionario.Android.csproj", "{66F50C40-926F-4F7E-A5E9-347180A75502}"
EndProject
Project("{FAE04EC0-301F-11D3-BF4B-00C04F79EFBC}") = "Concesionario.iOS", "Concesionario\Concesionario.iOS\Concesionario.iOS.csproj", "{0E35CE9B-BAF0-4853-B7EE-41A32733A868}"
EndProject
Project("{FAE04EC0-301F-11D3-BF4B-00C04F79EFBC}") = "Concesionario", "Concesionario\Concesionario\Concesionario.csproj", "{FA64510C-2379-43BE-B7C1-AB28DE0EB42E}"
EndProject
Global
	GlobalSection(SolutionConfigurationPlatforms) = preSolution
		Debug|Any CPU = Debug|Any CPU
		Debug|ARM = Debug|ARM
		Debug|iPhone = Debug|iPhone
		Debug|iPhoneSimulator = Debug|iPhoneSimulator
		Debug|x64 = Debug|x64
		Debug|x86 = Debug|x86
		Release|Any CPU = Release|Any CPU
		Release|ARM = Release|ARM
		Release|iPhone = Release|iPhone
		Release|iPhoneSimulator = Release|iPhoneSimulator
		Release|x64 = Release|x64
		Release|x86 = Release|x86
	EndGlobalSection
	GlobalSection(ProjectConfigurationPlatforms) = postSolution
		{B0B98E35-5A16-4BF9-A299-A84FB19C7C0A}.Debug|Any CPU.ActiveCfg = Debug|x86
		{B0B98E35-5A16-4BF9-A299-A84FB19C7C0A}.Debug|Any CPU.Build.0 = Debug|x86
		{B0B98E35-5A16-4BF9-A299-A84FB19C7C0A}.Debug|Any CPU.Deploy.0 = Debug|x86
		{B0B98E35-5A16-4BF9-A299-A84FB19C7C0A}.Debug|ARM.ActiveCfg = Debug|ARM
		{B0B98E35-5A16-4BF9-A299-A84FB19C7C0A}.Debug|ARM.Build.0 = Debug|ARM
		{B0B98E35-5A16-4BF9-A299-A84FB19C7C0A}.Debug|ARM.Deploy.0 = Debug|ARM
		{B0B98E35-5A16-4BF9-A299-A84FB19C7C0A}.Debug|iPhone.ActiveCfg = Debug|x86
		{B0B98E35-5A16-4BF9-A299-A84FB19C7C0A}.Debug|iPhone.Build.0 = Debug|x86
		{B0B98E35-5A16-4BF9-A299-A84FB19C7C0A}.Debug|iPhone.Deploy.0 = Debug|x86
		{B0B98E35-5A16-4BF9-A299-A84FB19C7C0A}.Debug|iPhoneSimulator.ActiveCfg = Debug|x86
		{B0B98E35-5A16-4BF9-A299-A84FB19C7C0A}.Debug|iPhoneSimulator.Build.0 = Debug|x86
		{B0B98E35-5A16-4BF9-A299-A84FB19C7C0A}.Debug|iPhoneSimulator.Deploy.0 = Debug|x86
		{B0B98E35-5A16-4BF9-A299-A84FB19C7C0A}.Debug|x64.ActiveCfg = Debug|x64
		{B0B98E35-5A16-4BF9-A299-A84FB19C7C0A}.Debug|x64.Build.0 = Debug|x64
		{B0B98E35-5A16-4BF9-A299-A84FB19C7C0A}.Debug|x64.Deploy.0 = Debug|x64
		{B0B98E35-5A16-4BF9-A299-A84FB19C7C0A}.Debug|x86.ActiveCfg = Debug|x86
		{B0B98E35-5A16-4BF9-A299-A84FB19C7C0A}.Debug|x86.Build.0 = Debug|x86
		{B0B98E35-5A16-4BF9-A299-A84FB19C7C0A}.Debug|x86.Deploy.0 = Debug|x86
		{B0B98E35-5A16-4BF9-A299-A84FB19C7C0A}.Release|Any CPU.ActiveCfg = Release|x86
		{B0B98E35-5A16-4BF9-A299-A84FB19C7C0A}.Release|Any CPU.Build.0 = Release|x86
		{B0B98E35-5A16-4BF9-A299-A84FB19C7C0A}.Release|Any CPU.Deploy.0 = Release|x86
		{B0B98E35-5A16-4BF9-A299-A84FB19C7C0A}.Release|ARM.ActiveCfg = Release|ARM
		{B0B98E35-5A16-4BF9-A299-A84FB19C7C0A}.Release|ARM.Build.0 = Release|ARM
		{B0B98E35-5A16-4BF9-A299-A84FB19C7C0A}.Release|ARM.Deploy.0 = Release|ARM
		{B0B98E35-5A16-4BF9-A299-A84FB19C7C0A}.Release|iPhone.ActiveCfg = Release|x86
		{B0B98E35-5A16-4BF9-A299-A84FB19C7C0A}.Release|iPhone.Build.0 = Release|x86
		{B0B98E35-5A16-4BF9-A299-A84FB19C7C0A}.Release|iPhone.Deploy.0 = Release|x86
		{B0B98E35-5A16-4BF9-A299-A84FB19C7C0A}.Release|iPhoneSimulator.ActiveCfg = Release|x86
		{B0B98E35-5A16-4BF9-A299-A84FB19C7C0A}.Release|iPhoneSimulator.Build.0 = Release|x86
		{B0B98E35-5A16-4BF9-A299-A84FB19C7C0A}.Release|iPhoneSimulator.Deploy.0 = Release|x86
		{B0B98E35-5A16-4BF9-A299-A84FB19C7C0A}.Release|x64.ActiveCfg = Release|x64
		{B0B98E35-5A16-4BF9-A299-A84FB19C7C0A}.Release|x64.Build.0 = Release|x64
		{B0B98E35-5A16-4BF9-A299-A84FB19C7C0A}.Release|x64.Deploy.0 = Release|x64
		{B0B98E35-5A16-4BF9-A299-A84FB19C7C0A}.Release|x86.ActiveCfg = Release|x86
		{B0B98E35-5A16-4BF9-A299-A84FB19C7C0A}.Release|x86.Build.0 = Release|x86
		{B0B98E35-5A16-4BF9-A299-A84FB19C7C0A}.Release|x86.Deploy.0 = Release|x86
		{66F50C40-926F-4F7E-A5E9-347180A75502}.Debug|Any CPU.ActiveCfg = Debug|Any CPU
		{66F50C40-926F-4F7E-A5E9-347180A75502}.Debug|Any CPU.Build.0 = Debug|Any CPU
		{66F50C40-926F-4F7E-A5E9-347180A75502}.Debug|Any CPU.Deploy.0 = Debug|Any CPU
		{66F50C40-926F-4F7E-A5E9-347180A75502}.Debug|ARM.ActiveCfg = Debug|Any CPU
		{66F50C40-926F-4F7E-A5E9-347180A75502}.Debug|ARM.Build.0 = Debug|Any CPU
		{66F50C40-926F-4F7E-A5E9-347180A75502}.Debug|ARM.Deploy.0 = Debug|Any CPU
		{66F50C40-926F-4F7E-A5E9-347180A75502}.Debug|iPhone.ActiveCfg = Debug|Any CPU
		{66F50C40-926F-4F7E-A5E9-347180A75502}.Debug|iPhone.Build.0 = Debug|Any CPU
		{66F50C40-926F-4F7E-A5E9-347180A75502}.Debug|iPhone.Deploy.0 = Debug|Any CPU
		{66F50C40-926F-4F7E-A5E9-347180A75502}.Debug|iPhoneSimulator.ActiveCfg = Debug|Any CPU
		{66F50C40-926F-4F7E-A5E9-347180A75502}.Debug|iPhoneSimulator.Build.0 = Debug|Any CPU
		{66F50C40-926F-4F7E-A5E9-347180A75502}.Debug|iPhoneSimulator.Deploy.0 = Debug|Any CPU
		{66F50C40-926F-4F7E-A5E9-347180A75502}.Debug|x64.ActiveCfg = Debug|Any CPU
		{66F50C40-926F-4F7E-A5E9-347180A75502}.Debug|x64.Build.0 = Debug|Any CPU
		{66F50C40-926F-4F7E-A5E9-347180A75502}.Debug|x64.Deploy.0 = Debug|Any CPU
		{66F50C40-926F-4F7E-A5E9-347180A75502}.Debug|x86.ActiveCfg = Debug|Any CPU
		{66F50C40-926F-4F7E-A5E9-347180A75502}.Debug|x86.Build.0 = Debug|Any CPU
		{66F50C40-926F-4F7E-A5E9-347180A75502}.Debug|x86.Deploy.0 = Debug|Any CPU
		{66F50C40-926F-4F7E-A5E9-347180A75502}.Release|Any CPU.ActiveCfg = Release|Any CPU
		{66F50C40-926F-4F7E-A5E9-347180A75502}.Release|Any CPU.Build.0 = Release|Any CPU
		{66F50C40-926F-4F7E-A5E9-347180A75502}.Release|Any CPU.Deploy.0 = Release|Any CPU
		{66F50C40-926F-4F7E-A5E9-347180A75502}.Release|ARM.ActiveCfg = Release|Any CPU
		{66F50C40-926F-4F7E-A5E9-347180A75502}.Release|ARM.Build.0 = Release|Any CPU
		{66F50C40-926F-4F7E-A5E9-347180A75502}.Release|ARM.Deploy.0 = Release|Any CPU
		{66F50C40-926F-4F7E-A5E9-347180A75502}.Release|iPhone.ActiveCfg = Release|Any CPU
		{66F50C40-926F-4F7E-A5E9-347180A75502}.Release|iPhone.Build.0 = Release|Any CPU
		{66F50C40-926F-4F7E-A5E9-347180A75502}.Release|iPhone.Deploy.0 = Release|Any CPU
		{66F50C40-926F-4F7E-A5E9-347180A75502}.Release|iPhoneSimulator.ActiveCfg = Release|Any CPU
		{66F50C40-926F-4F7E-A5E9-347180A75502}.Release|iPhoneSimulator.Build.0 = Release|Any CPU
		{66F50C40-926F-4F7E-A5E9-347180A75502}.Release|iPhoneSimulator.Deploy.0 = Release|Any CPU
		{66F50C40-926F-4F7E-A5E9-347180A75502}.Release|x64.ActiveCfg = Release|Any CPU
		{66F50C40-926F-4F7E-A5E9-347180A75502}.Release|x64.Build.0 = Release|Any CPU
		{66F50C40-926F-4F7E-A5E9-347180A75502}.Release|x64.Deploy.0 = Release|Any CPU
		{66F50C40-926F-4F7E-A5E9-347180A75502}.Release|x86.ActiveCfg = Release|Any CPU
		{66F50C40-926F-4F7E-A5E9-347180A75502}.Release|x86.Build.0 = Release|Any CPU
		{66F50C40-926F-4F7E-A5E9-347180A75502}.Release|x86.Deploy.0 = Release|Any CPU
		{0E35CE9B-BAF0-4853-B7EE-41A32733A868}.Debug|Any CPU.ActiveCfg = Debug|iPhone
		{0E35CE9B-BAF0-4853-B7EE-41A32733A868}.Debug|Any CPU.Build.0 = Debug|iPhone
		{0E35CE9B-BAF0-4853-B7EE-41A32733A868}.Debug|Any CPU.Deploy.0 = Debug|iPhone
		{0E35CE9B-BAF0-4853-B7EE-41A32733A868}.Debug|ARM.ActiveCfg = Debug|iPhoneSimulator
		{0E35CE9B-BAF0-4853-B7EE-41A32733A868}.Debug|ARM.Build.0 = Debug|iPhoneSimulator
		{0E35CE9B-BAF0-4853-B7EE-41A32733A868}.Debug|ARM.Deploy.0 = Debug|iPhoneSimulator
		{0E35CE9B-BAF0-4853-B7EE-41A32733A868}.Debug|iPhone.ActiveCfg = Debug|iPhone
		{0E35CE9B-BAF0-4853-B7EE-41A32733A868}.Debug|iPhone.Build.0 = Debug|iPhone
		{0E35CE9B-BAF0-4853-B7EE-41A32733A868}.Debug|iPhone.Deploy.0 = Debug|iPhone
		{0E35CE9B-BAF0-4853-B7EE-41A32733A868}.Debug|iPhoneSimulator.ActiveCfg = Debug|iPhoneSimulator
		{0E35CE9B-BAF0-4853-B7EE-41A32733A868}.Debug|iPhoneSimulator.Build.0 = Debug|iPhoneSimulator
		{0E35CE9B-BAF0-4853-B7EE-41A32733A868}.Debug|iPhoneSimulator.Deploy.0 = Debug|iPhoneSimulator
		{0E35CE9B-BAF0-4853-B7EE-41A32733A868}.Debug|x64.ActiveCfg = Debug|iPhone
		{0E35CE9B-BAF0-4853-B7EE-41A32733A868}.Debug|x64.Build.0 = Debug|iPhone
		{0E35CE9B-BAF0-4853-B7EE-41A32733A868}.Debug|x64.Deploy.0 = Debug|iPhone
		{0E35CE9B-BAF0-4853-B7EE-41A32733A868}.Debug|x86.ActiveCfg = Debug|iPhone
		{0E35CE9B-BAF0-4853-B7EE-41A32733A868}.Debug|x86.Build.0 = Debug|iPhone
		{0E35CE9B-BAF0-4853-B7EE-41A32733A868}.Debug|x86.Deploy.0 = Debug|iPhone
		{0E35CE9B-BAF0-4853-B7EE-41A32733A868}.Release|Any CPU.ActiveCfg = Release|iPhone
		{0E35CE9B-BAF0-4853-B7EE-41A32733A868}.Release|Any CPU.Build.0 = Release|iPhone
		{0E35CE9B-BAF0-4853-B7EE-41A32733A868}.Release|Any CPU.Deploy.0 = Release|iPhone
		{0E35CE9B-BAF0-4853-B7EE-41A32733A868}.Release|ARM.ActiveCfg = Release|iPhone
		{0E35CE9B-BAF0-4853-B7EE-41A32733A868}.Release|ARM.Build.0 = Release|iPhone
		{0E35CE9B-BAF0-4853-B7EE-41A32733A868}.Release|ARM.Deploy.0 = Release|iPhone
		{0E35CE9B-BAF0-4853-B7EE-41A32733A868}.Release|iPhone.ActiveCfg = Release|iPhone
		{0E35CE9B-BAF0-4853-B7EE-41A32733A868}.Release|iPhone.Build.0 = Release|iPhone
		{0E35CE9B-BAF0-4853-B7EE-41A32733A868}.Release|iPhone.Deploy.0 = Release|iPhone
		{0E35CE9B-BAF0-4853-B7EE-41A32733A868}.Release|iPhoneSimulator.ActiveCfg = Release|iPhoneSimulator
		{0E35CE9B-BAF0-4853-B7EE-41A32733A868}.Release|iPhoneSimulator.Build.0 = Release|iPhoneSimulator
		{0E35CE9B-BAF0-4853-B7EE-41A32733A868}.Release|iPhoneSimulator.Deploy.0 = Release|iPhoneSimulator
		{0E35CE9B-BAF0-4853-B7EE-41A32733A868}.Release|x64.ActiveCfg = Release|iPhone
		{0E35CE9B-BAF0-4853-B7EE-41A32733A868}.Release|x64.Build.0 = Release|iPhone
		{0E35CE9B-BAF0-4853-B7EE-41A32733A868}.Release|x64.Deploy.0 = Release|iPhone
		{0E35CE9B-BAF0-4853-B7EE-41A32733A868}.Release|x86.ActiveCfg = Release|iPhone
		{0E35CE9B-BAF0-4853-B7EE-41A32733A868}.Release|x86.Build.0 = Release|iPhone
		{0E35CE9B-BAF0-4853-B7EE-41A32733A868}.Release|x86.Deploy.0 = Release|iPhone
		{FA64510C-2379-43BE-B7C1-AB28DE0EB42E}.Debug|Any CPU.ActiveCfg = Debug|Any CPU
		{FA64510C-2379-43BE-B7C1-AB28DE0EB42E}.Debug|Any CPU.Build.0 = Debug|Any CPU
		{FA64510C-2379-43BE-B7C1-AB28DE0EB42E}.Debug|Any CPU.Deploy.0 = Debug|Any CPU
		{FA64510C-2379-43BE-B7C1-AB28DE0EB42E}.Debug|ARM.ActiveCfg = Debug|Any CPU
		{FA64510C-2379-43BE-B7C1-AB28DE0EB42E}.Debug|ARM.Build.0 = Debug|Any CPU
		{FA64510C-2379-43BE-B7C1-AB28DE0EB42E}.Debug|ARM.Deploy.0 = Debug|Any CPU
		{FA64510C-2379-43BE-B7C1-AB28DE0EB42E}.Debug|iPhone.ActiveCfg = Debug|Any CPU
		{FA64510C-2379-43BE-B7C1-AB28DE0EB42E}.Debug|iPhone.Build.0 = Debug|Any CPU
		{FA64510C-2379-43BE-B7C1-AB28DE0EB42E}.Debug|iPhone.Deploy.0 = Debug|Any CPU
		{FA64510C-2379-43BE-B7C1-AB28DE0EB42E}.Debug|iPhoneSimulator.ActiveCfg = Debug|Any CPU
		{FA64510C-2379-43BE-B7C1-AB28DE0EB42E}.Debug|iPhoneSimulator.Build.0 = Debug|Any CPU
		{FA64510C-2379-43BE-B7C1-AB28DE0EB42E}.Debug|iPhoneSimulator.Deploy.0 = Debug|Any CPU
		{FA64510C-2379-43BE-B7C1-AB28DE0EB42E}.Debug|x64.ActiveCfg = Debug|Any CPU
		{FA64510C-2379-43BE-B7C1-AB28DE0EB42E}.Debug|x64.Build.0 = Debug|Any CPU
		{FA64510C-2379-43BE-B7C1-AB28DE0EB42E}.Debug|x64.Deploy.0 = Debug|Any CPU
		{FA64510C-2379-43BE-B7C1-AB28DE0EB42E}.Debug|x86.ActiveCfg = Debug|Any CPU
		{FA64510C-2379-43BE-B7C1-AB28DE0EB42E}.Debug|x86.Build.0 = Debug|Any CPU
		{FA64510C-2379-43BE-B7C1-AB28DE0EB42E}.Debug|x86.Deploy.0 = Debug|Any CPU
		{FA64510C-2379-43BE-B7C1-AB28DE0EB42E}.Release|Any CPU.ActiveCfg = Release|Any CPU
		{FA64510C-2379-43BE-B7C1-AB28DE0EB42E}.Release|Any CPU.Build.0 = Release|Any CPU
		{FA64510C-2379-43BE-B7C1-AB28DE0EB42E}.Release|Any CPU.Deploy.0 = Release|Any CPU
		{FA64510C-2379-43BE-B7C1-AB28DE0EB42E}.Release|ARM.ActiveCfg = Release|Any CPU
		{FA64510C-2379-43BE-B7C1-AB28DE0EB42E}.Release|ARM.Build.0 = Release|Any CPU
		{FA64510C-2379-43BE-B7C1-AB28DE0EB42E}.Release|ARM.Deploy.0 = Release|Any CPU
		{FA64510C-2379-43BE-B7C1-AB28DE0EB42E}.Release|iPhone.ActiveCfg = Release|Any CPU
		{FA64510C-2379-43BE-B7C1-AB28DE0EB42E}.Release|iPhone.Build.0 = Release|Any CPU
		{FA64510C-2379-43BE-B7C1-AB28DE0EB42E}.Release|iPhone.Deploy.0 = Release|Any CPU
		{FA64510C-2379-43BE-B7C1-AB28DE0EB42E}.Release|iPhoneSimulator.ActiveCfg = Release|Any CPU
		{FA64510C-2379-43BE-B7C1-AB28DE0EB42E}.Release|iPhoneSimulator.Build.0 = Release|Any CPU
		{FA64510C-2379-43BE-B7C1-AB28DE0EB42E}.Release|iPhoneSimulator.Deploy.0 = Release|Any CPU
		{FA64510C-2379-43BE-B7C1-AB28DE0EB42E}.Release|x64.ActiveCfg = Release|Any CPU
		{FA64510C-2379-43BE-B7C1-AB28DE0EB42E}.Release|x64.Build.0 = Release|Any CPU
		{FA64510C-2379-43BE-B7C1-AB28DE0EB42E}.Release|x64.Deploy.0 = Release|Any CPU
		{FA64510C-2379-43BE-B7C1-AB28DE0EB42E}.Release|x86.ActiveCfg = Release|Any CPU
		{FA64510C-2379-43BE-B7C1-AB28DE0EB42E}.Release|x86.Build.0 = Release|Any CPU
		{FA64510C-2379-43BE-B7C1-AB28DE0EB42E}.Release|x86.Deploy.0 = Release|Any CPU
	EndGlobalSection
	GlobalSection(SolutionProperties) = preSolution
		HideSolutionNode = FALSE
	EndGlobalSection
	GlobalSection(ExtensibilityGlobals) = postSolution
		SolutionGuid = {6CD77E74-9B3F-4872-AD52-39D8F6BEA1AF}
	EndGlobalSection
EndGlobal
